
Microsoft Visual Studio Solution File, Format Version 12.00
# Visual Studio Version 16
VisualStudioVersion = 16.0.30413.136
MinimumVisualStudioVersion = 10.0.40219.1
Project("{FAE04EC0-301F-11D3-BF4B-00C04F79EFBC}") = "Editor de Texto", "Editor de Texto\Editor de Texto.csproj", "{648B02C3-6E12-478A-8C6E-350ED8D824E0}"
EndProject
Global
	GlobalSection(SolutionConfigurationPlatforms) = preSolution
		Debug|Any CPU = Debug|Any CPU
		Release|Any CPU = Release|Any CPU
	EndGlobalSection
	GlobalSection(ProjectConfigurationPlatforms) = postSolution
		{648B02C3-6E12-478A-8C6E-350ED8D824E0}.Debug|Any CPU.ActiveCfg = Debug|Any CPU
		{648B02C3-6E12-478A-8C6E-350ED8D824E0}.Debug|Any CPU.Build.0 = Debug|Any CPU
		{648B02C3-6E12-478A-8C6E-350ED8D824E0}.Release|Any CPU.ActiveCfg = Release|Any CPU
		{648B02C3-6E12-478A-8C6E-350ED8D824E0}.Release|Any CPU.Build.0 = Release|Any CPU
	EndGlobalSection
	GlobalSection(SolutionProperties) = preSolution
		HideSolutionNode = FALSE
	EndGlobalSection
	GlobalSection(ExtensibilityGlobals) = postSolution
		SolutionGuid = {6B55B194-4D7C-4127-B0EE-0DF1F69CF6E4}
	EndGlobalSection
EndGlobal
